
Microsoft Visual Studio Solution File, Format Version 12.00
# Visual Studio Version 16
VisualStudioVersion = 16.0.29709.97
MinimumVisualStudioVersion = 10.0.40219.1
Project("{FAE04EC0-301F-11D3-BF4B-00C04F79EFBC}") = "MultilevelLibrary", "MultilevelLibrary\MultilevelLibrary.csproj", "{B451FE74-BDC4-4EB6-A1D0-95EC619FDE42}"
EndProject
Project("{FAE04EC0-301F-11D3-BF4B-00C04F79EFBC}") = "MultilevelViewer", "MultilevelViewer\MultilevelViewer.csproj", "{5BC7D321-BF2F-4DB0-B5DE-2597B4D2763F}"
EndProject
Project("{FAE04EC0-301F-11D3-BF4B-00C04F79EFBC}") = "MultilevelEditor", "MultilevelEditor\MultilevelEditor.csproj", "{42814ADB-16A6-4F0C-B9EC-F513C58AE139}"
EndProject
Global
	GlobalSection(SolutionConfigurationPlatforms) = preSolution
		Debug|Any CPU = Debug|Any CPU
		Release|Any CPU = Release|Any CPU
	EndGlobalSection
	GlobalSection(ProjectConfigurationPlatforms) = postSolution
		{B451FE74-BDC4-4EB6-A1D0-95EC619FDE42}.Debug|Any CPU.ActiveCfg = Debug|Any CPU
		{B451FE74-BDC4-4EB6-A1D0-95EC619FDE42}.Debug|Any CPU.Build.0 = Debug|Any CPU
		{B451FE74-BDC4-4EB6-A1D0-95EC619FDE42}.Release|Any CPU.ActiveCfg = Release|Any CPU
		{B451FE74-BDC4-4EB6-A1D0-95EC619FDE42}.Release|Any CPU.Build.0 = Release|Any CPU
		{5BC7D321-BF2F-4DB0-B5DE-2597B4D2763F}.Debug|Any CPU.ActiveCfg = Debug|Any CPU
		{5BC7D321-BF2F-4DB0-B5DE-2597B4D2763F}.Debug|Any CPU.Build.0 = Debug|Any CPU
		{5BC7D321-BF2F-4DB0-B5DE-2597B4D2763F}.Release|Any CPU.ActiveCfg = Release|Any CPU
		{5BC7D321-BF2F-4DB0-B5DE-2597B4D2763F}.Release|Any CPU.Build.0 = Release|Any CPU
		{42814ADB-16A6-4F0C-B9EC-F513C58AE139}.Debug|Any CPU.ActiveCfg = Debug|Any CPU
		{42814ADB-16A6-4F0C-B9EC-F513C58AE139}.Debug|Any CPU.Build.0 = Debug|Any CPU
		{42814ADB-16A6-4F0C-B9EC-F513C58AE139}.Release|Any CPU.ActiveCfg = Release|Any CPU
		{42814ADB-16A6-4F0C-B9EC-F513C58AE139}.Release|Any CPU.Build.0 = Release|Any CPU
	EndGlobalSection
	GlobalSection(SolutionProperties) = preSolution
		HideSolutionNode = FALSE
	EndGlobalSection
	GlobalSection(ExtensibilityGlobals) = postSolution
		SolutionGuid = {83697E69-2BB0-483C-ADB1-2567A89CD192}
	EndGlobalSection
EndGlobal
